// !$*UTF8*$!
{
	archiveVersion = 1;
	classes = {
	};
	objectVersion = 56;
	objects = {

/* Begin PBXBuildFile section */
		34066F4C2B309E3B0090C78A /* LogView.swift in Sources */ = {isa = PBXBuildFile; fileRef = 34066F4B2B309E3B0090C78A /* LogView.swift */; };
		34066F4F2B30DDDC0090C78A /* LogManager.swift in Sources */ = {isa = PBXBuildFile; fileRef = 34066F4E2B30DDDC0090C78A /* LogManager.swift */; };
		34066F512B31A8200090C78A /* AskCell.swift in Sources */ = {isa = PBXBuildFile; fileRef = 34066F502B31A8200090C78A /* AskCell.swift */; };
		34066F532B31B4B30090C78A /* PairHomeView.swift in Sources */ = {isa = PBXBuildFile; fileRef = 34066F522B31B4B30090C78A /* PairHomeView.swift */; };
		349044962B330DE800975B95 /* KrakenOHLC.swift in Sources */ = {isa = PBXBuildFile; fileRef = 349044952B330DE800975B95 /* KrakenOHLC.swift */; };
		34905C102B29C12A00A5A649 /* dashboardApp.swift in Sources */ = {isa = PBXBuildFile; fileRef = 34905C0F2B29C12A00A5A649 /* dashboardApp.swift */; };
		34905C122B29C12A00A5A649 /* ContentView.swift in Sources */ = {isa = PBXBuildFile; fileRef = 34905C112B29C12A00A5A649 /* ContentView.swift */; };
		34905C142B29C12C00A5A649 /* Assets.xcassets in Resources */ = {isa = PBXBuildFile; fileRef = 34905C132B29C12C00A5A649 /* Assets.xcassets */; };
		34905C172B29C12C00A5A649 /* Preview Assets.xcassets in Resources */ = {isa = PBXBuildFile; fileRef = 34905C162B29C12C00A5A649 /* Preview Assets.xcassets */; };
		34905C222B29C12D00A5A649 /* dashboardTests.swift in Sources */ = {isa = PBXBuildFile; fileRef = 34905C212B29C12D00A5A649 /* dashboardTests.swift */; };
		34905C2C2B29C12D00A5A649 /* dashboardUITests.swift in Sources */ = {isa = PBXBuildFile; fileRef = 34905C2B2B29C12D00A5A649 /* dashboardUITests.swift */; };
		34905C2E2B29C12D00A5A649 /* dashboardUITestsLaunchTests.swift in Sources */ = {isa = PBXBuildFile; fileRef = 34905C2D2B29C12D00A5A649 /* dashboardUITestsLaunchTests.swift */; };
		34905C3B2B29C14A00A5A649 /* KrakenOrderBookView.swift in Sources */ = {isa = PBXBuildFile; fileRef = 34905C3A2B29C14A00A5A649 /* KrakenOrderBookView.swift */; };
		34905C3E2B29C18300A5A649 /* Starscream in Frameworks */ = {isa = PBXBuildFile; productRef = 34905C3D2B29C18300A5A649 /* Starscream */; };
		34905C402B29C1A100A5A649 /* Krakenbook.swift in Sources */ = {isa = PBXBuildFile; fileRef = 34905C3F2B29C1A100A5A649 /* Krakenbook.swift */; };
		34905C452B2A003F00A5A649 /* Collections in Frameworks */ = {isa = PBXBuildFile; productRef = 34905C442B2A003F00A5A649 /* Collections */; };
		34905C4E2B2B05D700A5A649 /* CryptoSwift in Frameworks */ = {isa = PBXBuildFile; productRef = 34905C4D2B2B05D700A5A649 /* CryptoSwift */; };
		34905C542B2B5B9E00A5A649 /* BidCell.swift in Sources */ = {isa = PBXBuildFile; fileRef = 34905C532B2B5B9E00A5A649 /* BidCell.swift */; };
		34905C562B2B604500A5A649 /* PriceCell.swift in Sources */ = {isa = PBXBuildFile; fileRef = 34905C552B2B604500A5A649 /* PriceCell.swift */; };
		34905C582B2B648400A5A649 /* EmptyCell.swift in Sources */ = {isa = PBXBuildFile; fileRef = 34905C572B2B648400A5A649 /* EmptyCell.swift */; };
		34905C5A2B2B64B800A5A649 /* NoteCell.swift in Sources */ = {isa = PBXBuildFile; fileRef = 34905C592B2B64B800A5A649 /* NoteCell.swift */; };
		34905C5C2B2B67D700A5A649 /* OrdersView.swift in Sources */ = {isa = PBXBuildFile; fileRef = 34905C5B2B2B67D700A5A649 /* OrdersView.swift */; };
		34905C5E2B2B684700A5A649 /* PositionsView.swift in Sources */ = {isa = PBXBuildFile; fileRef = 34905C5D2B2B684700A5A649 /* PositionsView.swift */; };
		34905C602B2C4A1800A5A649 /* KrakenOrderForm.swift in Sources */ = {isa = PBXBuildFile; fileRef = 34905C5F2B2C4A1800A5A649 /* KrakenOrderForm.swift */; };
		34905C622B2C53F700A5A649 /* ButtonStyles.swift in Sources */ = {isa = PBXBuildFile; fileRef = 34905C612B2C53F700A5A649 /* ButtonStyles.swift */; };
		34905C642B2C6A0D00A5A649 /* KrakenOrderManager.swift in Sources */ = {isa = PBXBuildFile; fileRef = 34905C632B2C6A0D00A5A649 /* KrakenOrderManager.swift */; };
		34905C672B2C7E6800A5A649 /* Kraken+Types.swift in Sources */ = {isa = PBXBuildFile; fileRef = 34905C662B2C7E6800A5A649 /* Kraken+Types.swift */; };
		34905C692B2C7E9300A5A649 /* Kraken.swift in Sources */ = {isa = PBXBuildFile; fileRef = 34905C682B2C7E9300A5A649 /* Kraken.swift */; };
		34905C6B2B2C7EA700A5A649 /* KrakenNetwork.swift in Sources */ = {isa = PBXBuildFile; fileRef = 34905C6A2B2C7EA700A5A649 /* KrakenNetwork.swift */; };
		34905C6D2B2C7EE000A5A649 /* Utils.swift in Sources */ = {isa = PBXBuildFile; fileRef = 34905C6C2B2C7EE000A5A649 /* Utils.swift */; };
		34CF57FA2B32F97800226F7A /* PriceChartView.swift in Sources */ = {isa = PBXBuildFile; fileRef = 34CF57F92B32F97800226F7A /* PriceChartView.swift */; };
		34E338E72B46FA990013F17D /* BybitPairView.swift in Sources */ = {isa = PBXBuildFile; fileRef = 34E338E62B46FA990013F17D /* BybitPairView.swift */; };
		34E338E92B4708860013F17D /* BybitStats.swift in Sources */ = {isa = PBXBuildFile; fileRef = 34E338E82B4708860013F17D /* BybitStats.swift */; };
		34E338EB2B480E2B0013F17D /* BybitOrderBookView.swift in Sources */ = {isa = PBXBuildFile; fileRef = 34E338EA2B480E2B0013F17D /* BybitOrderBookView.swift */; };
		34E338ED2B480F140013F17D /* BybitLastTradeCell.swift in Sources */ = {isa = PBXBuildFile; fileRef = 34E338EC2B480F140013F17D /* BybitLastTradeCell.swift */; };
		34F401342B345DB600E0DC4A /* VolumeProfileChart.swift in Sources */ = {isa = PBXBuildFile; fileRef = 34F401332B345DB600E0DC4A /* VolumeProfileChart.swift */; };
		34F401362B3582B700E0DC4A /* GridOverlay.swift in Sources */ = {isa = PBXBuildFile; fileRef = 34F401352B3582B700E0DC4A /* GridOverlay.swift */; };
		34F401382B35A78C00E0DC4A /* IndicatorPanView.swift in Sources */ = {isa = PBXBuildFile; fileRef = 34F401372B35A78C00E0DC4A /* IndicatorPanView.swift */; };
		34F4013A2B35B15200E0DC4A /* VolumeCell.swift in Sources */ = {isa = PBXBuildFile; fileRef = 34F401392B35B15200E0DC4A /* VolumeCell.swift */; };
		34F4013C2B35CE2300E0DC4A /* KrakenRecentTrades.swift in Sources */ = {isa = PBXBuildFile; fileRef = 34F4013B2B35CE2300E0DC4A /* KrakenRecentTrades.swift */; };
		34F4013E2B35D9A000E0DC4A /* RecentTradeCell.swift in Sources */ = {isa = PBXBuildFile; fileRef = 34F4013D2B35D9A000E0DC4A /* RecentTradeCell.swift */; };
		34F401402B36F2DD00E0DC4A /* LastTradeCell.swift in Sources */ = {isa = PBXBuildFile; fileRef = 34F4013F2B36F2DD00E0DC4A /* LastTradeCell.swift */; };
		34F401422B37128700E0DC4A /* RecentTradesView.swift in Sources */ = {isa = PBXBuildFile; fileRef = 34F401412B37128700E0DC4A /* RecentTradesView.swift */; };
		34F401442B39C25100E0DC4A /* AverageVolumeIndicator.swift in Sources */ = {isa = PBXBuildFile; fileRef = 34F401432B39C25100E0DC4A /* AverageVolumeIndicator.swift */; };
		34F401462B3ADCDE00E0DC4A /* Commons.swift in Sources */ = {isa = PBXBuildFile; fileRef = 34F401452B3ADCDE00E0DC4A /* Commons.swift */; };
		34F401482B3AF8BC00E0DC4A /* ImbalanceChart.swift in Sources */ = {isa = PBXBuildFile; fileRef = 34F401472B3AF8BC00E0DC4A /* ImbalanceChart.swift */; };
		34F4014C2B3B2F6200E0DC4A /* VolumeChart.swift in Sources */ = {isa = PBXBuildFile; fileRef = 34F4014B2B3B2F6200E0DC4A /* VolumeChart.swift */; };
		34F401502B3C37B000E0DC4A /* ImbalanceLevelsChart.swift in Sources */ = {isa = PBXBuildFile; fileRef = 34F4014F2B3C37B000E0DC4A /* ImbalanceLevelsChart.swift */; };
		34F401522B3D95AE00E0DC4A /* Constants.swift in Sources */ = {isa = PBXBuildFile; fileRef = 34F401512B3D95AE00E0DC4A /* Constants.swift */; };
		34F401542B3D9BB100E0DC4A /* KrakenPairView.swift in Sources */ = {isa = PBXBuildFile; fileRef = 34F401532B3D9BB100E0DC4A /* KrakenPairView.swift */; };
		34F401582B3DBC1D00E0DC4A /* VolumeChart2.swift in Sources */ = {isa = PBXBuildFile; fileRef = 34F401572B3DBC1D00E0DC4A /* VolumeChart2.swift */; };
		34F4015A2B3EF02900E0DC4A /* BellCurve.swift in Sources */ = {isa = PBXBuildFile; fileRef = 34F401592B3EF02900E0DC4A /* BellCurve.swift */; };
		34F4015C2B3F24CE00E0DC4A /* RawVolumeChart.swift in Sources */ = {isa = PBXBuildFile; fileRef = 34F4015B2B3F24CE00E0DC4A /* RawVolumeChart.swift */; };
		34F4015E2B3F28BA00E0DC4A /* PositionRecomendation.swift in Sources */ = {isa = PBXBuildFile; fileRef = 34F4015D2B3F28BA00E0DC4A /* PositionRecomendation.swift */; };
		34F401602B44170300E0DC4A /* RecentTradeUnifiedCell.swift in Sources */ = {isa = PBXBuildFile; fileRef = 34F4015F2B44170300E0DC4A /* RecentTradeUnifiedCell.swift */; };
		34F401622B44350900E0DC4A /* Binancebook.swift in Sources */ = {isa = PBXBuildFile; fileRef = 34F401612B44350900E0DC4A /* Binancebook.swift */; };
		34F401662B446AA900E0DC4A /* KrakenVolumeCard.swift in Sources */ = {isa = PBXBuildFile; fileRef = 34F401652B446AA900E0DC4A /* KrakenVolumeCard.swift */; };
		34F401682B446C2300E0DC4A /* BinanceOrderBookView.swift in Sources */ = {isa = PBXBuildFile; fileRef = 34F401672B446C2300E0DC4A /* BinanceOrderBookView.swift */; };
		34F4016B2B456A0100E0DC4A /* DashboardView.swift in Sources */ = {isa = PBXBuildFile; fileRef = 34F4016A2B456A0100E0DC4A /* DashboardView.swift */; };
		34F4016D2B456C2B00E0DC4A /* KeychainHandler.swift in Sources */ = {isa = PBXBuildFile; fileRef = 34F4016C2B456C2B00E0DC4A /* KeychainHandler.swift */; };
		34F4016F2B45C1F200E0DC4A /* BinanceLastTradeCell.swift in Sources */ = {isa = PBXBuildFile; fileRef = 34F4016E2B45C1F200E0DC4A /* BinanceLastTradeCell.swift */; };
		34F401762B46C5D700E0DC4A /* Bybitbook.swift in Sources */ = {isa = PBXBuildFile; fileRef = 34F401752B46C5D700E0DC4A /* Bybitbook.swift */; };
		34F401782B46C5EF00E0DC4A /* BybitSocketTemplate.swift in Sources */ = {isa = PBXBuildFile; fileRef = 34F401772B46C5EF00E0DC4A /* BybitSocketTemplate.swift */; };
		34F4017A2B46CF9E00E0DC4A /* BybitbookView.swift in Sources */ = {isa = PBXBuildFile; fileRef = 34F401792B46CF9E00E0DC4A /* BybitbookView.swift */; };
		34F4017C2B46D7D000E0DC4A /* BinancePairView.swift in Sources */ = {isa = PBXBuildFile; fileRef = 34F4017B2B46D7D000E0DC4A /* BinancePairView.swift */; };
/* End PBXBuildFile section */

/* Begin PBXContainerItemProxy section */
		34905C1E2B29C12D00A5A649 /* PBXContainerItemProxy */ = {
			isa = PBXContainerItemProxy;
			containerPortal = 34905C042B29C12A00A5A649 /* Project object */;
			proxyType = 1;
			remoteGlobalIDString = 34905C0B2B29C12A00A5A649;
			remoteInfo = dashboard;
		};
		34905C282B29C12D00A5A649 /* PBXContainerItemProxy */ = {
			isa = PBXContainerItemProxy;
			containerPortal = 34905C042B29C12A00A5A649 /* Project object */;
			proxyType = 1;
			remoteGlobalIDString = 34905C0B2B29C12A00A5A649;
			remoteInfo = dashboard;
		};
/* End PBXContainerItemProxy section */

/* Begin PBXFileReference section */
		34066F4B2B309E3B0090C78A /* LogView.swift */ = {isa = PBXFileReference; lastKnownFileType = sourcecode.swift; path = LogView.swift; sourceTree = "<group>"; };
		34066F4E2B30DDDC0090C78A /* LogManager.swift */ = {isa = PBXFileReference; lastKnownFileType = sourcecode.swift; path = LogManager.swift; sourceTree = "<group>"; };
		34066F502B31A8200090C78A /* AskCell.swift */ = {isa = PBXFileReference; lastKnownFileType = sourcecode.swift; path = AskCell.swift; sourceTree = "<group>"; };
		34066F522B31B4B30090C78A /* PairHomeView.swift */ = {isa = PBXFileReference; lastKnownFileType = sourcecode.swift; path = PairHomeView.swift; sourceTree = "<group>"; };
		349044952B330DE800975B95 /* KrakenOHLC.swift */ = {isa = PBXFileReference; lastKnownFileType = sourcecode.swift; path = KrakenOHLC.swift; sourceTree = "<group>"; };
		34905C0C2B29C12A00A5A649 /* dashboard.app */ = {isa = PBXFileReference; explicitFileType = wrapper.application; includeInIndex = 0; path = dashboard.app; sourceTree = BUILT_PRODUCTS_DIR; };
		34905C0F2B29C12A00A5A649 /* dashboardApp.swift */ = {isa = PBXFileReference; lastKnownFileType = sourcecode.swift; path = dashboardApp.swift; sourceTree = "<group>"; };
		34905C112B29C12A00A5A649 /* ContentView.swift */ = {isa = PBXFileReference; lastKnownFileType = sourcecode.swift; path = ContentView.swift; sourceTree = "<group>"; };
		34905C132B29C12C00A5A649 /* Assets.xcassets */ = {isa = PBXFileReference; lastKnownFileType = folder.assetcatalog; path = Assets.xcassets; sourceTree = "<group>"; };
		34905C162B29C12C00A5A649 /* Preview Assets.xcassets */ = {isa = PBXFileReference; lastKnownFileType = folder.assetcatalog; path = "Preview Assets.xcassets"; sourceTree = "<group>"; };
		34905C182B29C12C00A5A649 /* dashboard.entitlements */ = {isa = PBXFileReference; lastKnownFileType = text.plist.entitlements; path = dashboard.entitlements; sourceTree = "<group>"; };
		34905C1D2B29C12D00A5A649 /* dashboardTests.xctest */ = {isa = PBXFileReference; explicitFileType = wrapper.cfbundle; includeInIndex = 0; path = dashboardTests.xctest; sourceTree = BUILT_PRODUCTS_DIR; };
		34905C212B29C12D00A5A649 /* dashboardTests.swift */ = {isa = PBXFileReference; lastKnownFileType = sourcecode.swift; path = dashboardTests.swift; sourceTree = "<group>"; };
		34905C272B29C12D00A5A649 /* dashboardUITests.xctest */ = {isa = PBXFileReference; explicitFileType = wrapper.cfbundle; includeInIndex = 0; path = dashboardUITests.xctest; sourceTree = BUILT_PRODUCTS_DIR; };
		34905C2B2B29C12D00A5A649 /* dashboardUITests.swift */ = {isa = PBXFileReference; lastKnownFileType = sourcecode.swift; path = dashboardUITests.swift; sourceTree = "<group>"; };
		34905C2D2B29C12D00A5A649 /* dashboardUITestsLaunchTests.swift */ = {isa = PBXFileReference; lastKnownFileType = sourcecode.swift; path = dashboardUITestsLaunchTests.swift; sourceTree = "<group>"; };
		34905C3A2B29C14A00A5A649 /* KrakenOrderBookView.swift */ = {isa = PBXFileReference; lastKnownFileType = sourcecode.swift; path = KrakenOrderBookView.swift; sourceTree = "<group>"; };
		34905C3F2B29C1A100A5A649 /* Krakenbook.swift */ = {isa = PBXFileReference; lastKnownFileType = sourcecode.swift; path = Krakenbook.swift; sourceTree = "<group>"; };
		34905C532B2B5B9E00A5A649 /* BidCell.swift */ = {isa = PBXFileReference; lastKnownFileType = sourcecode.swift; path = BidCell.swift; sourceTree = "<group>"; };
		34905C552B2B604500A5A649 /* PriceCell.swift */ = {isa = PBXFileReference; lastKnownFileType = sourcecode.swift; path = PriceCell.swift; sourceTree = "<group>"; };
		34905C572B2B648400A5A649 /* EmptyCell.swift */ = {isa = PBXFileReference; lastKnownFileType = sourcecode.swift; path = EmptyCell.swift; sourceTree = "<group>"; };
		34905C592B2B64B800A5A649 /* NoteCell.swift */ = {isa = PBXFileReference; lastKnownFileType = sourcecode.swift; path = NoteCell.swift; sourceTree = "<group>"; };
		34905C5B2B2B67D700A5A649 /* OrdersView.swift */ = {isa = PBXFileReference; lastKnownFileType = sourcecode.swift; path = OrdersView.swift; sourceTree = "<group>"; };
		34905C5D2B2B684700A5A649 /* PositionsView.swift */ = {isa = PBXFileReference; lastKnownFileType = sourcecode.swift; path = PositionsView.swift; sourceTree = "<group>"; };
		34905C5F2B2C4A1800A5A649 /* KrakenOrderForm.swift */ = {isa = PBXFileReference; lastKnownFileType = sourcecode.swift; path = KrakenOrderForm.swift; sourceTree = "<group>"; };
		34905C612B2C53F700A5A649 /* ButtonStyles.swift */ = {isa = PBXFileReference; lastKnownFileType = sourcecode.swift; path = ButtonStyles.swift; sourceTree = "<group>"; };
		34905C632B2C6A0D00A5A649 /* KrakenOrderManager.swift */ = {isa = PBXFileReference; lastKnownFileType = sourcecode.swift; path = KrakenOrderManager.swift; sourceTree = "<group>"; };
		34905C662B2C7E6800A5A649 /* Kraken+Types.swift */ = {isa = PBXFileReference; lastKnownFileType = sourcecode.swift; path = "Kraken+Types.swift"; sourceTree = "<group>"; };
		34905C682B2C7E9300A5A649 /* Kraken.swift */ = {isa = PBXFileReference; lastKnownFileType = sourcecode.swift; path = Kraken.swift; sourceTree = "<group>"; };
		34905C6A2B2C7EA700A5A649 /* KrakenNetwork.swift */ = {isa = PBXFileReference; lastKnownFileType = sourcecode.swift; path = KrakenNetwork.swift; sourceTree = "<group>"; };
		34905C6C2B2C7EE000A5A649 /* Utils.swift */ = {isa = PBXFileReference; lastKnownFileType = sourcecode.swift; path = Utils.swift; sourceTree = "<group>"; };
		34CF57F92B32F97800226F7A /* PriceChartView.swift */ = {isa = PBXFileReference; lastKnownFileType = sourcecode.swift; path = PriceChartView.swift; sourceTree = "<group>"; };
		34E338E62B46FA990013F17D /* BybitPairView.swift */ = {isa = PBXFileReference; lastKnownFileType = sourcecode.swift; path = BybitPairView.swift; sourceTree = "<group>"; };
		34E338E82B4708860013F17D /* BybitStats.swift */ = {isa = PBXFileReference; lastKnownFileType = sourcecode.swift; path = BybitStats.swift; sourceTree = "<group>"; };
		34E338EA2B480E2B0013F17D /* BybitOrderBookView.swift */ = {isa = PBXFileReference; lastKnownFileType = sourcecode.swift; path = BybitOrderBookView.swift; sourceTree = "<group>"; };
		34E338EC2B480F140013F17D /* BybitLastTradeCell.swift */ = {isa = PBXFileReference; lastKnownFileType = sourcecode.swift; path = BybitLastTradeCell.swift; sourceTree = "<group>"; };
		34F401332B345DB600E0DC4A /* VolumeProfileChart.swift */ = {isa = PBXFileReference; lastKnownFileType = sourcecode.swift; path = VolumeProfileChart.swift; sourceTree = "<group>"; };
		34F401352B3582B700E0DC4A /* GridOverlay.swift */ = {isa = PBXFileReference; lastKnownFileType = sourcecode.swift; path = GridOverlay.swift; sourceTree = "<group>"; };
		34F401372B35A78C00E0DC4A /* IndicatorPanView.swift */ = {isa = PBXFileReference; lastKnownFileType = sourcecode.swift; path = IndicatorPanView.swift; sourceTree = "<group>"; };
		34F401392B35B15200E0DC4A /* VolumeCell.swift */ = {isa = PBXFileReference; lastKnownFileType = sourcecode.swift; path = VolumeCell.swift; sourceTree = "<group>"; };
		34F4013B2B35CE2300E0DC4A /* KrakenRecentTrades.swift */ = {isa = PBXFileReference; lastKnownFileType = sourcecode.swift; path = KrakenRecentTrades.swift; sourceTree = "<group>"; };
		34F4013D2B35D9A000E0DC4A /* RecentTradeCell.swift */ = {isa = PBXFileReference; lastKnownFileType = sourcecode.swift; path = RecentTradeCell.swift; sourceTree = "<group>"; };
		34F4013F2B36F2DD00E0DC4A /* LastTradeCell.swift */ = {isa = PBXFileReference; lastKnownFileType = sourcecode.swift; path = LastTradeCell.swift; sourceTree = "<group>"; };
		34F401412B37128700E0DC4A /* RecentTradesView.swift */ = {isa = PBXFileReference; lastKnownFileType = sourcecode.swift; path = RecentTradesView.swift; sourceTree = "<group>"; };
		34F401432B39C25100E0DC4A /* AverageVolumeIndicator.swift */ = {isa = PBXFileReference; lastKnownFileType = sourcecode.swift; path = AverageVolumeIndicator.swift; sourceTree = "<group>"; };
		34F401452B3ADCDE00E0DC4A /* Commons.swift */ = {isa = PBXFileReference; lastKnownFileType = sourcecode.swift; path = Commons.swift; sourceTree = "<group>"; };
		34F401472B3AF8BC00E0DC4A /* ImbalanceChart.swift */ = {isa = PBXFileReference; lastKnownFileType = sourcecode.swift; path = ImbalanceChart.swift; sourceTree = "<group>"; };
		34F4014B2B3B2F6200E0DC4A /* VolumeChart.swift */ = {isa = PBXFileReference; lastKnownFileType = sourcecode.swift; path = VolumeChart.swift; sourceTree = "<group>"; };
		34F4014F2B3C37B000E0DC4A /* ImbalanceLevelsChart.swift */ = {isa = PBXFileReference; lastKnownFileType = sourcecode.swift; path = ImbalanceLevelsChart.swift; sourceTree = "<group>"; };
		34F401512B3D95AE00E0DC4A /* Constants.swift */ = {isa = PBXFileReference; lastKnownFileType = sourcecode.swift; path = Constants.swift; sourceTree = "<group>"; };
		34F401532B3D9BB100E0DC4A /* KrakenPairView.swift */ = {isa = PBXFileReference; lastKnownFileType = sourcecode.swift; path = KrakenPairView.swift; sourceTree = "<group>"; };
		34F401572B3DBC1D00E0DC4A /* VolumeChart2.swift */ = {isa = PBXFileReference; fileEncoding = 4; lastKnownFileType = sourcecode.swift; path = VolumeChart2.swift; sourceTree = "<group>"; };
		34F401592B3EF02900E0DC4A /* BellCurve.swift */ = {isa = PBXFileReference; lastKnownFileType = sourcecode.swift; path = BellCurve.swift; sourceTree = "<group>"; };
		34F4015B2B3F24CE00E0DC4A /* RawVolumeChart.swift */ = {isa = PBXFileReference; lastKnownFileType = sourcecode.swift; path = RawVolumeChart.swift; sourceTree = "<group>"; };
		34F4015D2B3F28BA00E0DC4A /* PositionRecomendation.swift */ = {isa = PBXFileReference; lastKnownFileType = sourcecode.swift; path = PositionRecomendation.swift; sourceTree = "<group>"; };
		34F4015F2B44170300E0DC4A /* RecentTradeUnifiedCell.swift */ = {isa = PBXFileReference; lastKnownFileType = sourcecode.swift; path = RecentTradeUnifiedCell.swift; sourceTree = "<group>"; };
		34F401612B44350900E0DC4A /* Binancebook.swift */ = {isa = PBXFileReference; lastKnownFileType = sourcecode.swift; path = Binancebook.swift; sourceTree = "<group>"; };
		34F401642B445BDB00E0DC4A /* Empty.md */ = {isa = PBXFileReference; lastKnownFileType = net.daringfireball.markdown; path = Empty.md; sourceTree = "<group>"; };
		34F401652B446AA900E0DC4A /* KrakenVolumeCard.swift */ = {isa = PBXFileReference; lastKnownFileType = sourcecode.swift; path = KrakenVolumeCard.swift; sourceTree = "<group>"; };
		34F401672B446C2300E0DC4A /* BinanceOrderBookView.swift */ = {isa = PBXFileReference; lastKnownFileType = sourcecode.swift; path = BinanceOrderBookView.swift; sourceTree = "<group>"; };
		34F4016A2B456A0100E0DC4A /* DashboardView.swift */ = {isa = PBXFileReference; lastKnownFileType = sourcecode.swift; path = DashboardView.swift; sourceTree = "<group>"; };
		34F4016C2B456C2B00E0DC4A /* KeychainHandler.swift */ = {isa = PBXFileReference; fileEncoding = 4; lastKnownFileType = sourcecode.swift; name = KeychainHandler.swift; path = dashboard/KeychainHandler.swift; sourceTree = SOURCE_ROOT; };
		34F4016E2B45C1F200E0DC4A /* BinanceLastTradeCell.swift */ = {isa = PBXFileReference; lastKnownFileType = sourcecode.swift; path = BinanceLastTradeCell.swift; sourceTree = "<group>"; };
		34F401752B46C5D700E0DC4A /* Bybitbook.swift */ = {isa = PBXFileReference; lastKnownFileType = sourcecode.swift; path = Bybitbook.swift; sourceTree = "<group>"; };
		34F401772B46C5EF00E0DC4A /* BybitSocketTemplate.swift */ = {isa = PBXFileReference; lastKnownFileType = sourcecode.swift; path = BybitSocketTemplate.swift; sourceTree = "<group>"; };
		34F401792B46CF9E00E0DC4A /* BybitbookView.swift */ = {isa = PBXFileReference; lastKnownFileType = sourcecode.swift; path = BybitbookView.swift; sourceTree = "<group>"; };
		34F4017B2B46D7D000E0DC4A /* BinancePairView.swift */ = {isa = PBXFileReference; lastKnownFileType = sourcecode.swift; path = BinancePairView.swift; sourceTree = "<group>"; };
/* End PBXFileReference section */

/* Begin PBXFrameworksBuildPhase section */
		34905C092B29C12A00A5A649 /* Frameworks */ = {
			isa = PBXFrameworksBuildPhase;
			buildActionMask = 2147483647;
			files = (
				34905C452B2A003F00A5A649 /* Collections in Frameworks */,
				34905C3E2B29C18300A5A649 /* Starscream in Frameworks */,
				34905C4E2B2B05D700A5A649 /* CryptoSwift in Frameworks */,
			);
			runOnlyForDeploymentPostprocessing = 0;
		};
		34905C1A2B29C12D00A5A649 /* Frameworks */ = {
			isa = PBXFrameworksBuildPhase;
			buildActionMask = 2147483647;
			files = (
			);
			runOnlyForDeploymentPostprocessing = 0;
		};
		34905C242B29C12D00A5A649 /* Frameworks */ = {
			isa = PBXFrameworksBuildPhase;
			buildActionMask = 2147483647;
			files = (
			);
			runOnlyForDeploymentPostprocessing = 0;
		};
/* End PBXFrameworksBuildPhase section */

/* Begin PBXGroup section */
		34066F4D2B30DDC60090C78A /* log */ = {
			isa = PBXGroup;
			children = (
				34066F4E2B30DDDC0090C78A /* LogManager.swift */,
			);
			path = log;
			sourceTree = "<group>";
		};
		34905C032B29C12A00A5A649 = {
			isa = PBXGroup;
			children = (
				34F401642B445BDB00E0DC4A /* Empty.md */,
				34905C0E2B29C12A00A5A649 /* dashboard */,
				34905C202B29C12D00A5A649 /* dashboardTests */,
				34905C2A2B29C12D00A5A649 /* dashboardUITests */,
				34905C0D2B29C12A00A5A649 /* Products */,
			);
			sourceTree = "<group>";
		};
		34905C0D2B29C12A00A5A649 /* Products */ = {
			isa = PBXGroup;
			children = (
				34905C0C2B29C12A00A5A649 /* dashboard.app */,
				34905C1D2B29C12D00A5A649 /* dashboardTests.xctest */,
				34905C272B29C12D00A5A649 /* dashboardUITests.xctest */,
			);
			name = Products;
			sourceTree = "<group>";
		};
		34905C0E2B29C12A00A5A649 /* dashboard */ = {
			isa = PBXGroup;
			children = (
				34905C182B29C12C00A5A649 /* dashboard.entitlements */,
				34905C612B2C53F700A5A649 /* ButtonStyles.swift */,
				34F401452B3ADCDE00E0DC4A /* Commons.swift */,
				34F401512B3D95AE00E0DC4A /* Constants.swift */,
				34905C112B29C12A00A5A649 /* ContentView.swift */,
				34905C0F2B29C12A00A5A649 /* dashboardApp.swift */,
				34F4016A2B456A0100E0DC4A /* DashboardView.swift */,
				34905C572B2B648400A5A649 /* EmptyCell.swift */,
				34F401352B3582B700E0DC4A /* GridOverlay.swift */,
				34066F522B31B4B30090C78A /* PairHomeView.swift */,
				34905C132B29C12C00A5A649 /* Assets.xcassets */,
				34F401632B443A6300E0DC4A /* binance */,
				34F401742B46C5BA00E0DC4A /* bybit */,
				34F401692B45697100E0DC4A /* kraken */,
				34066F4D2B30DDC60090C78A /* log */,
				34905C152B29C12C00A5A649 /* Preview Content */,
			);
			path = dashboard;
			sourceTree = "<group>";
		};
		34905C152B29C12C00A5A649 /* Preview Content */ = {
			isa = PBXGroup;
			children = (
				34905C162B29C12C00A5A649 /* Preview Assets.xcassets */,
			);
			path = "Preview Content";
			sourceTree = "<group>";
		};
		34905C202B29C12D00A5A649 /* dashboardTests */ = {
			isa = PBXGroup;
			children = (
				34905C212B29C12D00A5A649 /* dashboardTests.swift */,
			);
			path = dashboardTests;
			sourceTree = "<group>";
		};
		34905C2A2B29C12D00A5A649 /* dashboardUITests */ = {
			isa = PBXGroup;
			children = (
				34905C2B2B29C12D00A5A649 /* dashboardUITests.swift */,
				34905C2D2B29C12D00A5A649 /* dashboardUITestsLaunchTests.swift */,
			);
			path = dashboardUITests;
			sourceTree = "<group>";
		};
		34905C652B2C7E5300A5A649 /* rest */ = {
			isa = PBXGroup;
			children = (
				34905C682B2C7E9300A5A649 /* Kraken.swift */,
				34905C662B2C7E6800A5A649 /* Kraken+Types.swift */,
				34905C6A2B2C7EA700A5A649 /* KrakenNetwork.swift */,
				34905C6C2B2C7EE000A5A649 /* Utils.swift */,
			);
			path = rest;
			sourceTree = "<group>";
		};
		34F401632B443A6300E0DC4A /* binance */ = {
			isa = PBXGroup;
			children = (
				34F401672B446C2300E0DC4A /* BinanceOrderBookView.swift */,
				34F4016E2B45C1F200E0DC4A /* BinanceLastTradeCell.swift */,
				34F401612B44350900E0DC4A /* Binancebook.swift */,
				34F4017B2B46D7D000E0DC4A /* BinancePairView.swift */,
			);
			path = binance;
			sourceTree = "<group>";
		};
		34F401692B45697100E0DC4A /* kraken */ = {
			isa = PBXGroup;
			children = (
				34F4017D2B46DBC100E0DC4A /* views */,
				34905C3F2B29C1A100A5A649 /* Krakenbook.swift */,
				34F4013B2B35CE2300E0DC4A /* KrakenRecentTrades.swift */,
				349044952B330DE800975B95 /* KrakenOHLC.swift */,
				34905C632B2C6A0D00A5A649 /* KrakenOrderManager.swift */,
				34F4016C2B456C2B00E0DC4A /* KeychainHandler.swift */,
				34F401652B446AA900E0DC4A /* KrakenVolumeCard.swift */,
				34F401532B3D9BB100E0DC4A /* KrakenPairView.swift */,
				34905C652B2C7E5300A5A649 /* rest */,
			);
			path = kraken;
			sourceTree = "<group>";
		};
		34F401742B46C5BA00E0DC4A /* bybit */ = {
			isa = PBXGroup;
			children = (
				34E338E82B4708860013F17D /* BybitStats.swift */,
				34F401752B46C5D700E0DC4A /* Bybitbook.swift */,
				34F401792B46CF9E00E0DC4A /* BybitbookView.swift */,
				34E338EA2B480E2B0013F17D /* BybitOrderBookView.swift */,
				34E338EC2B480F140013F17D /* BybitLastTradeCell.swift */,
				34F401772B46C5EF00E0DC4A /* BybitSocketTemplate.swift */,
				34E338E62B46FA990013F17D /* BybitPairView.swift */,
			);
			path = bybit;
			sourceTree = "<group>";
		};
		34F4017D2B46DBC100E0DC4A /* views */ = {
			isa = PBXGroup;
			children = (
				34066F502B31A8200090C78A /* AskCell.swift */,
				34F401432B39C25100E0DC4A /* AverageVolumeIndicator.swift */,
				34F401592B3EF02900E0DC4A /* BellCurve.swift */,
				34905C532B2B5B9E00A5A649 /* BidCell.swift */,
				34F401472B3AF8BC00E0DC4A /* ImbalanceChart.swift */,
				34F4014F2B3C37B000E0DC4A /* ImbalanceLevelsChart.swift */,
				34F401372B35A78C00E0DC4A /* IndicatorPanView.swift */,
				34F4013F2B36F2DD00E0DC4A /* LastTradeCell.swift */,
				34066F4B2B309E3B0090C78A /* LogView.swift */,
				34905C592B2B64B800A5A649 /* NoteCell.swift */,
				34905C5B2B2B67D700A5A649 /* OrdersView.swift */,
				34F4015D2B3F28BA00E0DC4A /* PositionRecomendation.swift */,
				34905C5D2B2B684700A5A649 /* PositionsView.swift */,
				34905C552B2B604500A5A649 /* PriceCell.swift */,
				34CF57F92B32F97800226F7A /* PriceChartView.swift */,
				34F4015B2B3F24CE00E0DC4A /* RawVolumeChart.swift */,
				34F4013D2B35D9A000E0DC4A /* RecentTradeCell.swift */,
				34F401412B37128700E0DC4A /* RecentTradesView.swift */,
				34F4015F2B44170300E0DC4A /* RecentTradeUnifiedCell.swift */,
				34F401392B35B15200E0DC4A /* VolumeCell.swift */,
				34F4014B2B3B2F6200E0DC4A /* VolumeChart.swift */,
				34F401572B3DBC1D00E0DC4A /* VolumeChart2.swift */,
				34F401332B345DB600E0DC4A /* VolumeProfileChart.swift */,
				34905C3A2B29C14A00A5A649 /* KrakenOrderBookView.swift */,
				34905C5F2B2C4A1800A5A649 /* KrakenOrderForm.swift */,
			);
			path = views;
			sourceTree = "<group>";
		};
/* End PBXGroup section */

/* Begin PBXNativeTarget section */
		34905C0B2B29C12A00A5A649 /* dashboard */ = {
			isa = PBXNativeTarget;
			buildConfigurationList = 34905C312B29C12D00A5A649 /* Build configuration list for PBXNativeTarget "dashboard" */;
			buildPhases = (
				34905C082B29C12A00A5A649 /* Sources */,
				34905C092B29C12A00A5A649 /* Frameworks */,
				34905C0A2B29C12A00A5A649 /* Resources */,
			);
			buildRules = (
			);
			dependencies = (
			);
			name = dashboard;
			packageProductDependencies = (
				34905C3D2B29C18300A5A649 /* Starscream */,
				34905C442B2A003F00A5A649 /* Collections */,
				34905C4D2B2B05D700A5A649 /* CryptoSwift */,
			);
			productName = dashboard;
			productReference = 34905C0C2B29C12A00A5A649 /* dashboard.app */;
			productType = "com.apple.product-type.application";
		};
		34905C1C2B29C12D00A5A649 /* dashboardTests */ = {
			isa = PBXNativeTarget;
			buildConfigurationList = 34905C342B29C12D00A5A649 /* Build configuration list for PBXNativeTarget "dashboardTests" */;
			buildPhases = (
				34905C192B29C12D00A5A649 /* Sources */,
				34905C1A2B29C12D00A5A649 /* Frameworks */,
				34905C1B2B29C12D00A5A649 /* Resources */,
			);
			buildRules = (
			);
			dependencies = (
				34905C1F2B29C12D00A5A649 /* PBXTargetDependency */,
			);
			name = dashboardTests;
			productName = dashboardTests;
			productReference = 34905C1D2B29C12D00A5A649 /* dashboardTests.xctest */;
			productType = "com.apple.product-type.bundle.unit-test";
		};
		34905C262B29C12D00A5A649 /* dashboardUITests */ = {
			isa = PBXNativeTarget;
			buildConfigurationList = 34905C372B29C12D00A5A649 /* Build configuration list for PBXNativeTarget "dashboardUITests" */;
			buildPhases = (
				34905C232B29C12D00A5A649 /* Sources */,
				34905C242B29C12D00A5A649 /* Frameworks */,
				34905C252B29C12D00A5A649 /* Resources */,
			);
			buildRules = (
			);
			dependencies = (
				34905C292B29C12D00A5A649 /* PBXTargetDependency */,
			);
			name = dashboardUITests;
			productName = dashboardUITests;
			productReference = 34905C272B29C12D00A5A649 /* dashboardUITests.xctest */;
			productType = "com.apple.product-type.bundle.ui-testing";
		};
/* End PBXNativeTarget section */

/* Begin PBXProject section */
		34905C042B29C12A00A5A649 /* Project object */ = {
			isa = PBXProject;
			attributes = {
				BuildIndependentTargetsInParallel = 1;
				LastSwiftUpdateCheck = 1400;
				LastUpgradeCheck = 1400;
				TargetAttributes = {
					34905C0B2B29C12A00A5A649 = {
						CreatedOnToolsVersion = 14.0.1;
					};
					34905C1C2B29C12D00A5A649 = {
						CreatedOnToolsVersion = 14.0.1;
						TestTargetID = 34905C0B2B29C12A00A5A649;
					};
					34905C262B29C12D00A5A649 = {
						CreatedOnToolsVersion = 14.0.1;
						TestTargetID = 34905C0B2B29C12A00A5A649;
					};
				};
			};
			buildConfigurationList = 34905C072B29C12A00A5A649 /* Build configuration list for PBXProject "dashboard" */;
			compatibilityVersion = "Xcode 14.0";
			developmentRegion = en;
			hasScannedForEncodings = 0;
			knownRegions = (
				en,
				Base,
			);
			mainGroup = 34905C032B29C12A00A5A649;
			packageReferences = (
				34905C3C2B29C18300A5A649 /* XCRemoteSwiftPackageReference "Starscream" */,
				34905C432B2A003F00A5A649 /* XCRemoteSwiftPackageReference "swift-collections" */,
				34905C4C2B2B05D700A5A649 /* XCRemoteSwiftPackageReference "CryptoSwift" */,
			);
			productRefGroup = 34905C0D2B29C12A00A5A649 /* Products */;
			projectDirPath = "";
			projectRoot = "";
			targets = (
				34905C0B2B29C12A00A5A649 /* dashboard */,
				34905C1C2B29C12D00A5A649 /* dashboardTests */,
				34905C262B29C12D00A5A649 /* dashboardUITests */,
			);
		};
/* End PBXProject section */

/* Begin PBXResourcesBuildPhase section */
		34905C0A2B29C12A00A5A649 /* Resources */ = {
			isa = PBXResourcesBuildPhase;
			buildActionMask = 2147483647;
			files = (
				34905C172B29C12C00A5A649 /* Preview Assets.xcassets in Resources */,
				34905C142B29C12C00A5A649 /* Assets.xcassets in Resources */,
			);
			runOnlyForDeploymentPostprocessing = 0;
		};
		34905C1B2B29C12D00A5A649 /* Resources */ = {
			isa = PBXResourcesBuildPhase;
			buildActionMask = 2147483647;
			files = (
			);
			runOnlyForDeploymentPostprocessing = 0;
		};
		34905C252B29C12D00A5A649 /* Resources */ = {
			isa = PBXResourcesBuildPhase;
			buildActionMask = 2147483647;
			files = (
			);
			runOnlyForDeploymentPostprocessing = 0;
		};
/* End PBXResourcesBuildPhase section */

/* Begin PBXSourcesBuildPhase section */
		34905C082B29C12A00A5A649 /* Sources */ = {
			isa = PBXSourcesBuildPhase;
			buildActionMask = 2147483647;
			files = (
				34F401342B345DB600E0DC4A /* VolumeProfileChart.swift in Sources */,
				34F401662B446AA900E0DC4A /* KrakenVolumeCard.swift in Sources */,
				34905C122B29C12A00A5A649 /* ContentView.swift in Sources */,
				34F4013A2B35B15200E0DC4A /* VolumeCell.swift in Sources */,
				34F401402B36F2DD00E0DC4A /* LastTradeCell.swift in Sources */,
				34F401362B3582B700E0DC4A /* GridOverlay.swift in Sources */,
				34F4016B2B456A0100E0DC4A /* DashboardView.swift in Sources */,
				34905C622B2C53F700A5A649 /* ButtonStyles.swift in Sources */,
				34F4013E2B35D9A000E0DC4A /* RecentTradeCell.swift in Sources */,
				34F4016F2B45C1F200E0DC4A /* BinanceLastTradeCell.swift in Sources */,
				34905C5E2B2B684700A5A649 /* PositionsView.swift in Sources */,
				34F401582B3DBC1D00E0DC4A /* VolumeChart2.swift in Sources */,
				34F4017A2B46CF9E00E0DC4A /* BybitbookView.swift in Sources */,
				34F401682B446C2300E0DC4A /* BinanceOrderBookView.swift in Sources */,
				34905C562B2B604500A5A649 /* PriceCell.swift in Sources */,
				34E338EB2B480E2B0013F17D /* BybitOrderBookView.swift in Sources */,
				34F4017C2B46D7D000E0DC4A /* BinancePairView.swift in Sources */,
				34F401542B3D9BB100E0DC4A /* KrakenPairView.swift in Sources */,
				34F4014C2B3B2F6200E0DC4A /* VolumeChart.swift in Sources */,
				34905C6B2B2C7EA700A5A649 /* KrakenNetwork.swift in Sources */,
				34F401502B3C37B000E0DC4A /* ImbalanceLevelsChart.swift in Sources */,
				34F401382B35A78C00E0DC4A /* IndicatorPanView.swift in Sources */,
				34F401602B44170300E0DC4A /* RecentTradeUnifiedCell.swift in Sources */,
				34F401762B46C5D700E0DC4A /* Bybitbook.swift in Sources */,
				34F401522B3D95AE00E0DC4A /* Constants.swift in Sources */,
				34F401462B3ADCDE00E0DC4A /* Commons.swift in Sources */,
				34E338E72B46FA990013F17D /* BybitPairView.swift in Sources */,
				34905C5A2B2B64B800A5A649 /* NoteCell.swift in Sources */,
				34905C602B2C4A1800A5A649 /* KrakenOrderForm.swift in Sources */,
				34E338ED2B480F140013F17D /* BybitLastTradeCell.swift in Sources */,
				34CF57FA2B32F97800226F7A /* PriceChartView.swift in Sources */,
				34066F4F2B30DDDC0090C78A /* LogManager.swift in Sources */,
				34905C3B2B29C14A00A5A649 /* KrakenOrderBookView.swift in Sources */,
				34F4016D2B456C2B00E0DC4A /* KeychainHandler.swift in Sources */,
				34F401422B37128700E0DC4A /* RecentTradesView.swift in Sources */,
				34905C582B2B648400A5A649 /* EmptyCell.swift in Sources */,
				34E338E92B4708860013F17D /* BybitStats.swift in Sources */,
				34905C6D2B2C7EE000A5A649 /* Utils.swift in Sources */,
				34066F512B31A8200090C78A /* AskCell.swift in Sources */,
				34F4015A2B3EF02900E0DC4A /* BellCurve.swift in Sources */,
				34F401782B46C5EF00E0DC4A /* BybitSocketTemplate.swift in Sources */,
				34066F4C2B309E3B0090C78A /* LogView.swift in Sources */,
				34905C102B29C12A00A5A649 /* dashboardApp.swift in Sources */,
				34905C542B2B5B9E00A5A649 /* BidCell.swift in Sources */,
				34F4015C2B3F24CE00E0DC4A /* RawVolumeChart.swift in Sources */,
				34F401482B3AF8BC00E0DC4A /* ImbalanceChart.swift in Sources */,
				349044962B330DE800975B95 /* KrakenOHLC.swift in Sources */,
				34F4013C2B35CE2300E0DC4A /* KrakenRecentTrades.swift in Sources */,
				34066F532B31B4B30090C78A /* PairHomeView.swift in Sources */,
				34F4015E2B3F28BA00E0DC4A /* PositionRecomendation.swift in Sources */,
				34905C402B29C1A100A5A649 /* Krakenbook.swift in Sources */,
				34905C5C2B2B67D700A5A649 /* OrdersView.swift in Sources */,
				34F401442B39C25100E0DC4A /* AverageVolumeIndicator.swift in Sources */,
				34905C692B2C7E9300A5A649 /* Kraken.swift in Sources */,
				34905C642B2C6A0D00A5A649 /* KrakenOrderManager.swift in Sources */,
				34F401622B44350900E0DC4A /* Binancebook.swift in Sources */,
				34905C672B2C7E6800A5A649 /* Kraken+Types.swift in Sources */,
			);
			runOnlyForDeploymentPostprocessing = 0;
		};
		34905C192B29C12D00A5A649 /* Sources */ = {
			isa = PBXSourcesBuildPhase;
			buildActionMask = 2147483647;
			files = (
				34905C222B29C12D00A5A649 /* dashboardTests.swift in Sources */,
			);
			runOnlyForDeploymentPostprocessing = 0;
		};
		34905C232B29C12D00A5A649 /* Sources */ = {
			isa = PBXSourcesBuildPhase;
			buildActionMask = 2147483647;
			files = (
				34905C2C2B29C12D00A5A649 /* dashboardUITests.swift in Sources */,
				34905C2E2B29C12D00A5A649 /* dashboardUITestsLaunchTests.swift in Sources */,
			);
			runOnlyForDeploymentPostprocessing = 0;
		};
/* End PBXSourcesBuildPhase section */

/* Begin PBXTargetDependency section */
		34905C1F2B29C12D00A5A649 /* PBXTargetDependency */ = {
			isa = PBXTargetDependency;
			target = 34905C0B2B29C12A00A5A649 /* dashboard */;
			targetProxy = 34905C1E2B29C12D00A5A649 /* PBXContainerItemProxy */;
		};
		34905C292B29C12D00A5A649 /* PBXTargetDependency */ = {
			isa = PBXTargetDependency;
			target = 34905C0B2B29C12A00A5A649 /* dashboard */;
			targetProxy = 34905C282B29C12D00A5A649 /* PBXContainerItemProxy */;
		};
/* End PBXTargetDependency section */

/* Begin XCBuildConfiguration section */
		34905C2F2B29C12D00A5A649 /* Debug */ = {
			isa = XCBuildConfiguration;
			buildSettings = {
				ALWAYS_SEARCH_USER_PATHS = NO;
				CLANG_ANALYZER_NONNULL = YES;
				CLANG_ANALYZER_NUMBER_OBJECT_CONVERSION = YES_AGGRESSIVE;
				CLANG_CXX_LANGUAGE_STANDARD = "gnu++20";
				CLANG_ENABLE_MODULES = YES;
				CLANG_ENABLE_OBJC_ARC = YES;
				CLANG_ENABLE_OBJC_WEAK = YES;
				CLANG_WARN_BLOCK_CAPTURE_AUTORELEASING = YES;
				CLANG_WARN_BOOL_CONVERSION = YES;
				CLANG_WARN_COMMA = YES;
				CLANG_WARN_CONSTANT_CONVERSION = YES;
				CLANG_WARN_DEPRECATED_OBJC_IMPLEMENTATIONS = YES;
				CLANG_WARN_DIRECT_OBJC_ISA_USAGE = YES_ERROR;
				CLANG_WARN_DOCUMENTATION_COMMENTS = YES;
				CLANG_WARN_EMPTY_BODY = YES;
				CLANG_WARN_ENUM_CONVERSION = YES;
				CLANG_WARN_INFINITE_RECURSION = YES;
				CLANG_WARN_INT_CONVERSION = YES;
				CLANG_WARN_NON_LITERAL_NULL_CONVERSION = YES;
				CLANG_WARN_OBJC_IMPLICIT_RETAIN_SELF = YES;
				CLANG_WARN_OBJC_LITERAL_CONVERSION = YES;
				CLANG_WARN_OBJC_ROOT_CLASS = YES_ERROR;
				CLANG_WARN_QUOTED_INCLUDE_IN_FRAMEWORK_HEADER = YES;
				CLANG_WARN_RANGE_LOOP_ANALYSIS = YES;
				CLANG_WARN_STRICT_PROTOTYPES = YES;
				CLANG_WARN_SUSPICIOUS_MOVE = YES;
				CLANG_WARN_UNGUARDED_AVAILABILITY = YES_AGGRESSIVE;
				CLANG_WARN_UNREACHABLE_CODE = YES;
				CLANG_WARN__DUPLICATE_METHOD_MATCH = YES;
				COPY_PHASE_STRIP = NO;
				DEBUG_INFORMATION_FORMAT = dwarf;
				ENABLE_STRICT_OBJC_MSGSEND = YES;
				ENABLE_TESTABILITY = YES;
				GCC_C_LANGUAGE_STANDARD = gnu11;
				GCC_DYNAMIC_NO_PIC = NO;
				GCC_NO_COMMON_BLOCKS = YES;
				GCC_OPTIMIZATION_LEVEL = 0;
				GCC_PREPROCESSOR_DEFINITIONS = (
					"DEBUG=1",
					"$(inherited)",
				);
				GCC_WARN_64_TO_32_BIT_CONVERSION = YES;
				GCC_WARN_ABOUT_RETURN_TYPE = YES_ERROR;
				GCC_WARN_UNDECLARED_SELECTOR = YES;
				GCC_WARN_UNINITIALIZED_AUTOS = YES_AGGRESSIVE;
				GCC_WARN_UNUSED_FUNCTION = YES;
				GCC_WARN_UNUSED_VARIABLE = YES;
				MACOSX_DEPLOYMENT_TARGET = 12.3;
				MTL_ENABLE_DEBUG_INFO = INCLUDE_SOURCE;
				MTL_FAST_MATH = YES;
				ONLY_ACTIVE_ARCH = YES;
				SDKROOT = macosx;
				SWIFT_ACTIVE_COMPILATION_CONDITIONS = DEBUG;
				SWIFT_OPTIMIZATION_LEVEL = "-Onone";
			};
			name = Debug;
		};
		34905C302B29C12D00A5A649 /* Release */ = {
			isa = XCBuildConfiguration;
			buildSettings = {
				ALWAYS_SEARCH_USER_PATHS = NO;
				CLANG_ANALYZER_NONNULL = YES;
				CLANG_ANALYZER_NUMBER_OBJECT_CONVERSION = YES_AGGRESSIVE;
				CLANG_CXX_LANGUAGE_STANDARD = "gnu++20";
				CLANG_ENABLE_MODULES = YES;
				CLANG_ENABLE_OBJC_ARC = YES;
				CLANG_ENABLE_OBJC_WEAK = YES;
				CLANG_WARN_BLOCK_CAPTURE_AUTORELEASING = YES;
				CLANG_WARN_BOOL_CONVERSION = YES;
				CLANG_WARN_COMMA = YES;
				CLANG_WARN_CONSTANT_CONVERSION = YES;
				CLANG_WARN_DEPRECATED_OBJC_IMPLEMENTATIONS = YES;
				CLANG_WARN_DIRECT_OBJC_ISA_USAGE = YES_ERROR;
				CLANG_WARN_DOCUMENTATION_COMMENTS = YES;
				CLANG_WARN_EMPTY_BODY = YES;
				CLANG_WARN_ENUM_CONVERSION = YES;
				CLANG_WARN_INFINITE_RECURSION = YES;
				CLANG_WARN_INT_CONVERSION = YES;
				CLANG_WARN_NON_LITERAL_NULL_CONVERSION = YES;
				CLANG_WARN_OBJC_IMPLICIT_RETAIN_SELF = YES;
				CLANG_WARN_OBJC_LITERAL_CONVERSION = YES;
				CLANG_WARN_OBJC_ROOT_CLASS = YES_ERROR;
				CLANG_WARN_QUOTED_INCLUDE_IN_FRAMEWORK_HEADER = YES;
				CLANG_WARN_RANGE_LOOP_ANALYSIS = YES;
				CLANG_WARN_STRICT_PROTOTYPES = YES;
				CLANG_WARN_SUSPICIOUS_MOVE = YES;
				CLANG_WARN_UNGUARDED_AVAILABILITY = YES_AGGRESSIVE;
				CLANG_WARN_UNREACHABLE_CODE = YES;
				CLANG_WARN__DUPLICATE_METHOD_MATCH = YES;
				COPY_PHASE_STRIP = NO;
				DEBUG_INFORMATION_FORMAT = "dwarf-with-dsym";
				ENABLE_NS_ASSERTIONS = NO;
				ENABLE_STRICT_OBJC_MSGSEND = YES;
				GCC_C_LANGUAGE_STANDARD = gnu11;
				GCC_NO_COMMON_BLOCKS = YES;
				GCC_WARN_64_TO_32_BIT_CONVERSION = YES;
				GCC_WARN_ABOUT_RETURN_TYPE = YES_ERROR;
				GCC_WARN_UNDECLARED_SELECTOR = YES;
				GCC_WARN_UNINITIALIZED_AUTOS = YES_AGGRESSIVE;
				GCC_WARN_UNUSED_FUNCTION = YES;
				GCC_WARN_UNUSED_VARIABLE = YES;
				MACOSX_DEPLOYMENT_TARGET = 12.3;
				MTL_ENABLE_DEBUG_INFO = NO;
				MTL_FAST_MATH = YES;
				SDKROOT = macosx;
				SWIFT_COMPILATION_MODE = wholemodule;
				SWIFT_OPTIMIZATION_LEVEL = "-O";
			};
			name = Release;
		};
		34905C322B29C12D00A5A649 /* Debug */ = {
			isa = XCBuildConfiguration;
			buildSettings = {
				ASSETCATALOG_COMPILER_APPICON_NAME = AppIcon;
				ASSETCATALOG_COMPILER_GLOBAL_ACCENT_COLOR_NAME = AccentColor;
				CODE_SIGN_ENTITLEMENTS = dashboard/dashboard.entitlements;
				CODE_SIGN_STYLE = Automatic;
				COMBINE_HIDPI_IMAGES = YES;
				CURRENT_PROJECT_VERSION = 1;
				DEVELOPMENT_ASSET_PATHS = "\"dashboard/Preview Content\"";
				ENABLE_PREVIEWS = YES;
				GENERATE_INFOPLIST_FILE = YES;
				INFOPLIST_KEY_NSHumanReadableCopyright = "";
				LD_RUNPATH_SEARCH_PATHS = (
					"$(inherited)",
					"@executable_path/../Frameworks",
				);
				MACOSX_DEPLOYMENT_TARGET = 14.0;
				MARKETING_VERSION = 1.0;
				PRODUCT_BUNDLE_IDENTIFIER = buildany.dashboard;
				PRODUCT_NAME = "$(TARGET_NAME)";
				SWIFT_EMIT_LOC_STRINGS = YES;
				SWIFT_VERSION = 5.0;
			};
			name = Debug;
		};
		34905C332B29C12D00A5A649 /* Release */ = {
			isa = XCBuildConfiguration;
			buildSettings = {
				ASSETCATALOG_COMPILER_APPICON_NAME = AppIcon;
				ASSETCATALOG_COMPILER_GLOBAL_ACCENT_COLOR_NAME = AccentColor;
				CODE_SIGN_ENTITLEMENTS = dashboard/dashboard.entitlements;
				CODE_SIGN_STYLE = Automatic;
				COMBINE_HIDPI_IMAGES = YES;
				CURRENT_PROJECT_VERSION = 1;
				DEVELOPMENT_ASSET_PATHS = "\"dashboard/Preview Content\"";
				ENABLE_PREVIEWS = YES;
				GENERATE_INFOPLIST_FILE = YES;
				INFOPLIST_KEY_NSHumanReadableCopyright = "";
				LD_RUNPATH_SEARCH_PATHS = (
					"$(inherited)",
					"@executable_path/../Frameworks",
				);
				MACOSX_DEPLOYMENT_TARGET = 14.0;
				MARKETING_VERSION = 1.0;
				PRODUCT_BUNDLE_IDENTIFIER = buildany.dashboard;
				PRODUCT_NAME = "$(TARGET_NAME)";
				SWIFT_EMIT_LOC_STRINGS = YES;
				SWIFT_VERSION = 5.0;
			};
			name = Release;
		};
		34905C352B29C12D00A5A649 /* Debug */ = {
			isa = XCBuildConfiguration;
			buildSettings = {
				ALWAYS_EMBED_SWIFT_STANDARD_LIBRARIES = YES;
				BUNDLE_LOADER = "$(TEST_HOST)";
				CODE_SIGN_STYLE = Automatic;
				CURRENT_PROJECT_VERSION = 1;
				GENERATE_INFOPLIST_FILE = YES;
				MACOSX_DEPLOYMENT_TARGET = 12.3;
				MARKETING_VERSION = 1.0;
				PRODUCT_BUNDLE_IDENTIFIER = buildany.dashboardTests;
				PRODUCT_NAME = "$(TARGET_NAME)";
				SWIFT_EMIT_LOC_STRINGS = NO;
				SWIFT_VERSION = 5.0;
				TEST_HOST = "$(BUILT_PRODUCTS_DIR)/dashboard.app/$(BUNDLE_EXECUTABLE_FOLDER_PATH)/dashboard";
			};
			name = Debug;
		};
		34905C362B29C12D00A5A649 /* Release */ = {
			isa = XCBuildConfiguration;
			buildSettings = {
				ALWAYS_EMBED_SWIFT_STANDARD_LIBRARIES = YES;
				BUNDLE_LOADER = "$(TEST_HOST)";
				CODE_SIGN_STYLE = Automatic;
				CURRENT_PROJECT_VERSION = 1;
				GENERATE_INFOPLIST_FILE = YES;
				MACOSX_DEPLOYMENT_TARGET = 12.3;
				MARKETING_VERSION = 1.0;
				PRODUCT_BUNDLE_IDENTIFIER = buildany.dashboardTests;
				PRODUCT_NAME = "$(TARGET_NAME)";
				SWIFT_EMIT_LOC_STRINGS = NO;
				SWIFT_VERSION = 5.0;
				TEST_HOST = "$(BUILT_PRODUCTS_DIR)/dashboard.app/$(BUNDLE_EXECUTABLE_FOLDER_PATH)/dashboard";
			};
			name = Release;
		};
		34905C382B29C12D00A5A649 /* Debug */ = {
			isa = XCBuildConfiguration;
			buildSettings = {
				ALWAYS_EMBED_SWIFT_STANDARD_LIBRARIES = YES;
				CODE_SIGN_STYLE = Automatic;
				CURRENT_PROJECT_VERSION = 1;
				GENERATE_INFOPLIST_FILE = YES;
				MARKETING_VERSION = 1.0;
				PRODUCT_BUNDLE_IDENTIFIER = buildany.dashboardUITests;
				PRODUCT_NAME = "$(TARGET_NAME)";
				SWIFT_EMIT_LOC_STRINGS = NO;
				SWIFT_VERSION = 5.0;
				TEST_TARGET_NAME = dashboard;
			};
			name = Debug;
		};
		34905C392B29C12D00A5A649 /* Release */ = {
			isa = XCBuildConfiguration;
			buildSettings = {
				ALWAYS_EMBED_SWIFT_STANDARD_LIBRARIES = YES;
				CODE_SIGN_STYLE = Automatic;
				CURRENT_PROJECT_VERSION = 1;
				GENERATE_INFOPLIST_FILE = YES;
				MARKETING_VERSION = 1.0;
				PRODUCT_BUNDLE_IDENTIFIER = buildany.dashboardUITests;
				PRODUCT_NAME = "$(TARGET_NAME)";
				SWIFT_EMIT_LOC_STRINGS = NO;
				SWIFT_VERSION = 5.0;
				TEST_TARGET_NAME = dashboard;
			};
			name = Release;
		};
/* End XCBuildConfiguration section */

/* Begin XCConfigurationList section */
		34905C072B29C12A00A5A649 /* Build configuration list for PBXProject "dashboard" */ = {
			isa = XCConfigurationList;
			buildConfigurations = (
				34905C2F2B29C12D00A5A649 /* Debug */,
				34905C302B29C12D00A5A649 /* Release */,
			);
			defaultConfigurationIsVisible = 0;
			defaultConfigurationName = Release;
		};
		34905C312B29C12D00A5A649 /* Build configuration list for PBXNativeTarget "dashboard" */ = {
			isa = XCConfigurationList;
			buildConfigurations = (
				34905C322B29C12D00A5A649 /* Debug */,
				34905C332B29C12D00A5A649 /* Release */,
			);
			defaultConfigurationIsVisible = 0;
			defaultConfigurationName = Release;
		};
		34905C342B29C12D00A5A649 /* Build configuration list for PBXNativeTarget "dashboardTests" */ = {
			isa = XCConfigurationList;
			buildConfigurations = (
				34905C352B29C12D00A5A649 /* Debug */,
				34905C362B29C12D00A5A649 /* Release */,
			);
			defaultConfigurationIsVisible = 0;
			defaultConfigurationName = Release;
		};
		34905C372B29C12D00A5A649 /* Build configuration list for PBXNativeTarget "dashboardUITests" */ = {
			isa = XCConfigurationList;
			buildConfigurations = (
				34905C382B29C12D00A5A649 /* Debug */,
				34905C392B29C12D00A5A649 /* Release */,
			);
			defaultConfigurationIsVisible = 0;
			defaultConfigurationName = Release;
		};
/* End XCConfigurationList section */

/* Begin XCRemoteSwiftPackageReference section */
		34905C3C2B29C18300A5A649 /* XCRemoteSwiftPackageReference "Starscream" */ = {
			isa = XCRemoteSwiftPackageReference;
			repositoryURL = "https://github.com/daltoniam/Starscream";
			requirement = {
				kind = upToNextMajorVersion;
				minimumVersion = 4.0.0;
			};
		};
		34905C432B2A003F00A5A649 /* XCRemoteSwiftPackageReference "swift-collections" */ = {
			isa = XCRemoteSwiftPackageReference;
			repositoryURL = "https://github.com/apple/swift-collections.git";
			requirement = {
				kind = upToNextMajorVersion;
				minimumVersion = 1.0.0;
			};
		};
		34905C4C2B2B05D700A5A649 /* XCRemoteSwiftPackageReference "CryptoSwift" */ = {
			isa = XCRemoteSwiftPackageReference;
			repositoryURL = "https://github.com/krzyzanowskim/CryptoSwift";
			requirement = {
				kind = upToNextMajorVersion;
				minimumVersion = 1.0.0;
			};
		};
/* End XCRemoteSwiftPackageReference section */

/* Begin XCSwiftPackageProductDependency section */
		34905C3D2B29C18300A5A649 /* Starscream */ = {
			isa = XCSwiftPackageProductDependency;
			package = 34905C3C2B29C18300A5A649 /* XCRemoteSwiftPackageReference "Starscream" */;
			productName = Starscream;
		};
		34905C442B2A003F00A5A649 /* Collections */ = {
			isa = XCSwiftPackageProductDependency;
			package = 34905C432B2A003F00A5A649 /* XCRemoteSwiftPackageReference "swift-collections" */;
			productName = Collections;
		};
		34905C4D2B2B05D700A5A649 /* CryptoSwift */ = {
			isa = XCSwiftPackageProductDependency;
			package = 34905C4C2B2B05D700A5A649 /* XCRemoteSwiftPackageReference "CryptoSwift" */;
			productName = CryptoSwift;
		};
/* End XCSwiftPackageProductDependency section */
	};
	rootObject = 34905C042B29C12A00A5A649 /* Project object */;
}
